
Microsoft Visual Studio Solution File, Format Version 12.00
# Visual Studio Version 17
VisualStudioVersion = 17.5.002.0
MinimumVisualStudioVersion = 10.0.40219.1
Project("{9A19103F-16F7-4668-BE54-9A1E7A4F7556}") = "1", "1\1.csproj", "{77332982-5364-40EB-8784-BA554A083ECE}"
EndProject
Global
	GlobalSection(SolutionConfigurationPlatforms) = preSolution
		Debug|Any CPU = Debug|Any CPU
		Release|Any CPU = Release|Any CPU
	EndGlobalSection
	GlobalSection(ProjectConfigurationPlatforms) = postSolution
		{77332982-5364-40EB-8784-BA554A083ECE}.Debug|Any CPU.ActiveCfg = Debug|Any CPU
		{77332982-5364-40EB-8784-BA554A083ECE}.Debug|Any CPU.Build.0 = Debug|Any CPU
		{77332982-5364-40EB-8784-BA554A083ECE}.Release|Any CPU.ActiveCfg = Release|Any CPU
		{77332982-5364-40EB-8784-BA554A083ECE}.Release|Any CPU.Build.0 = Release|Any CPU
	EndGlobalSection
	GlobalSection(SolutionProperties) = preSolution
		HideSolutionNode = FALSE
	EndGlobalSection
	GlobalSection(ExtensibilityGlobals) = postSolution
		SolutionGuid = {6B2780C7-25B7-441E-99BF-3EA8FC865E92}
	EndGlobalSection
EndGlobal
